
Microsoft Visual Studio Solution File, Format Version 12.00
# Visual Studio 14
VisualStudioVersion = 14.0.22310.1
MinimumVisualStudioVersion = 10.0.40219.1
Project("{FAE04EC0-301F-11D3-BF4B-00C04F79EFBC}") = "LoopBack.Sdk.Xamarin", "LoopBack.Sdk.Xamarin\LoopBack.Sdk.Xamarin.csproj", "{851D16E6-3D7C-4916-8864-CED6E589E0A5}"
EndProject
Project("{2150E333-8FDC-42A3-9474-1A3956D46DE8}") = "iOS", "iOS", "{F7CF319E-8FAD-4C92-B710-7B44944F2431}"
EndProject
Project("{FAE04EC0-301F-11D3-BF4B-00C04F79EFBC}") = "LoopBack.Sdk.Xamarin.iOS", "LoopBack.Sdk.Xamarin.iOS\LoopBack.Sdk.Xamarin.iOS.csproj", "{AE870694-E42F-420A-836A-BE3810046425}"
EndProject
Project("{2150E333-8FDC-42A3-9474-1A3956D46DE8}") = "Android", "Android", "{942CC7B1-268F-4057-BF27-318119852C63}"
EndProject
Project("{FAE04EC0-301F-11D3-BF4B-00C04F79EFBC}") = "LoopBack.Sdk.Xamarin.Android", "LoopBack.Sdk.Xamarin.Android\LoopBack.Sdk.Xamarin.Android.csproj", "{4E186C99-329B-40AD-AACA-EA6499F9B0E0}"
EndProject
Project("{FAE04EC0-301F-11D3-BF4B-00C04F79EFBC}") = "LoopBack.Sdk.Xamarin.Android.Tests", "..\tests\LoopBack.Sdk.Xamarin.Android.Tests\LoopBack.Sdk.Xamarin.Android.Tests.csproj", "{3EDAD87D-137D-4C38-B793-6CCB1734F785}"
EndProject
Project("{FAE04EC0-301F-11D3-BF4B-00C04F79EFBC}") = "LoopBack.Sdk.Xamarin.iOS.Tests", "..\tests\LoopBack.Sdk.Xamarin.iOS.Tests\LoopBack.Sdk.Xamarin.iOS.Tests.csproj", "{D96E613E-21AA-4F50-94BA-5FB1DD911B34}"
EndProject
Project("{FAE04EC0-301F-11D3-BF4B-00C04F79EFBC}") = "LoopBack.Sdk.Xamarin.Tests", "..\tests\LoopBack.Sdk.Xamarin.Tests\LoopBack.Sdk.Xamarin.Tests.csproj", "{B3E1D691-AD02-4A3A-A0A6-0BDBEAA4919F}"
EndProject
Global
	GlobalSection(SolutionConfigurationPlatforms) = preSolution
		Debug|Any CPU = Debug|Any CPU
		Release|Any CPU = Release|Any CPU
	EndGlobalSection
	GlobalSection(ProjectConfigurationPlatforms) = postSolution
		{851D16E6-3D7C-4916-8864-CED6E589E0A5}.Debug|Any CPU.ActiveCfg = Debug|Any CPU
		{851D16E6-3D7C-4916-8864-CED6E589E0A5}.Debug|Any CPU.Build.0 = Debug|Any CPU
		{851D16E6-3D7C-4916-8864-CED6E589E0A5}.Release|Any CPU.ActiveCfg = Release|Any CPU
		{851D16E6-3D7C-4916-8864-CED6E589E0A5}.Release|Any CPU.Build.0 = Release|Any CPU
		{AE870694-E42F-420A-836A-BE3810046425}.Debug|Any CPU.ActiveCfg = Debug|Any CPU
		{AE870694-E42F-420A-836A-BE3810046425}.Debug|Any CPU.Build.0 = Debug|Any CPU
		{AE870694-E42F-420A-836A-BE3810046425}.Release|Any CPU.ActiveCfg = Release|Any CPU
		{AE870694-E42F-420A-836A-BE3810046425}.Release|Any CPU.Build.0 = Release|Any CPU
		{4E186C99-329B-40AD-AACA-EA6499F9B0E0}.Debug|Any CPU.ActiveCfg = Debug|Any CPU
		{4E186C99-329B-40AD-AACA-EA6499F9B0E0}.Debug|Any CPU.Build.0 = Debug|Any CPU
		{4E186C99-329B-40AD-AACA-EA6499F9B0E0}.Release|Any CPU.ActiveCfg = Release|Any CPU
		{4E186C99-329B-40AD-AACA-EA6499F9B0E0}.Release|Any CPU.Build.0 = Release|Any CPU
		{3EDAD87D-137D-4C38-B793-6CCB1734F785}.Debug|Any CPU.ActiveCfg = Debug|Any CPU
		{3EDAD87D-137D-4C38-B793-6CCB1734F785}.Debug|Any CPU.Build.0 = Debug|Any CPU
		{3EDAD87D-137D-4C38-B793-6CCB1734F785}.Release|Any CPU.ActiveCfg = Release|Any CPU
		{3EDAD87D-137D-4C38-B793-6CCB1734F785}.Release|Any CPU.Build.0 = Release|Any CPU
		{D96E613E-21AA-4F50-94BA-5FB1DD911B34}.Debug|Any CPU.ActiveCfg = Debug|Any CPU
		{D96E613E-21AA-4F50-94BA-5FB1DD911B34}.Debug|Any CPU.Build.0 = Debug|Any CPU
		{D96E613E-21AA-4F50-94BA-5FB1DD911B34}.Release|Any CPU.ActiveCfg = Release|Any CPU
		{D96E613E-21AA-4F50-94BA-5FB1DD911B34}.Release|Any CPU.Build.0 = Release|Any CPU
		{B3E1D691-AD02-4A3A-A0A6-0BDBEAA4919F}.Debug|Any CPU.ActiveCfg = Debug|Any CPU
		{B3E1D691-AD02-4A3A-A0A6-0BDBEAA4919F}.Debug|Any CPU.Build.0 = Debug|Any CPU
		{B3E1D691-AD02-4A3A-A0A6-0BDBEAA4919F}.Release|Any CPU.ActiveCfg = Release|Any CPU
		{B3E1D691-AD02-4A3A-A0A6-0BDBEAA4919F}.Release|Any CPU.Build.0 = Release|Any CPU
	EndGlobalSection
	GlobalSection(SolutionProperties) = preSolution
		HideSolutionNode = FALSE
	EndGlobalSection
	GlobalSection(NestedProjects) = preSolution
		{AE870694-E42F-420A-836A-BE3810046425} = {F7CF319E-8FAD-4C92-B710-7B44944F2431}
		{4E186C99-329B-40AD-AACA-EA6499F9B0E0} = {942CC7B1-268F-4057-BF27-318119852C63}
		{3EDAD87D-137D-4C38-B793-6CCB1734F785} = {942CC7B1-268F-4057-BF27-318119852C63}
		{D96E613E-21AA-4F50-94BA-5FB1DD911B34} = {F7CF319E-8FAD-4C92-B710-7B44944F2431}
	EndGlobalSection
	GlobalSection(MonoDevelopProperties) = preSolution
		StartupItem = LoopBack.Sdk.Xamarin\LoopBack.Sdk.Xamarin.csproj
	EndGlobalSection
EndGlobal
